
Microsoft Visual Studio Solution File, Format Version 12.00
# Visual Studio 15
Project("{FAE04EC0-301F-11D3-BF4B-00C04F79EFBC}") = "Assembly-CSharp-Editor", "Assembly-CSharp-Editor.csproj", "{EF4EEF7A-FBDA-BFF5-0D46-D073B83A127E}"
EndProject
Project("{FAE04EC0-301F-11D3-BF4B-00C04F79EFBC}") = "Assembly-CSharp-firstpass", "Assembly-CSharp-firstpass.csproj", "{43DC7A30-6FBC-DC2C-C69B-27CCF3CD7440}"
EndProject
Project("{FAE04EC0-301F-11D3-BF4B-00C04F79EFBC}") = "Assembly-CSharp", "Assembly-CSharp.csproj", "{EDD87590-62B8-D160-FE5D-8980CE3D3611}"
EndProject
Global
	GlobalSection(SolutionConfigurationPlatforms) = preSolution
		Debug|Any CPU = Debug|Any CPU
		Release|Any CPU = Release|Any CPU
	EndGlobalSection
	GlobalSection(ProjectConfigurationPlatforms) = postSolution
		{EF4EEF7A-FBDA-BFF5-0D46-D073B83A127E}.Debug|Any CPU.ActiveCfg = Debug|Any CPU
		{EF4EEF7A-FBDA-BFF5-0D46-D073B83A127E}.Debug|Any CPU.Build.0 = Debug|Any CPU
		{EF4EEF7A-FBDA-BFF5-0D46-D073B83A127E}.Release|Any CPU.ActiveCfg = Release|Any CPU
		{EF4EEF7A-FBDA-BFF5-0D46-D073B83A127E}.Release|Any CPU.Build.0 = Release|Any CPU
		{43DC7A30-6FBC-DC2C-C69B-27CCF3CD7440}.Debug|Any CPU.ActiveCfg = Debug|Any CPU
		{43DC7A30-6FBC-DC2C-C69B-27CCF3CD7440}.Debug|Any CPU.Build.0 = Debug|Any CPU
		{43DC7A30-6FBC-DC2C-C69B-27CCF3CD7440}.Release|Any CPU.ActiveCfg = Release|Any CPU
		{43DC7A30-6FBC-DC2C-C69B-27CCF3CD7440}.Release|Any CPU.Build.0 = Release|Any CPU
		{EDD87590-62B8-D160-FE5D-8980CE3D3611}.Debug|Any CPU.ActiveCfg = Debug|Any CPU
		{EDD87590-62B8-D160-FE5D-8980CE3D3611}.Debug|Any CPU.Build.0 = Debug|Any CPU
		{EDD87590-62B8-D160-FE5D-8980CE3D3611}.Release|Any CPU.ActiveCfg = Release|Any CPU
		{EDD87590-62B8-D160-FE5D-8980CE3D3611}.Release|Any CPU.Build.0 = Release|Any CPU
	EndGlobalSection
	GlobalSection(SolutionProperties) = preSolution
		HideSolutionNode = FALSE
	EndGlobalSection
EndGlobal
